
Microsoft Visual Studio Solution File, Format Version 12.00
# Visual Studio Version 17
VisualStudioVersion = 17.10.34607.79
MinimumVisualStudioVersion = 10.0.40219.1
Project("{9A19103F-16F7-4668-BE54-9A1E7A4F7556}") = "MyProject", "MyProject\MyProject.csproj", "{E8C479B0-0F57-42F6-B470-A6DB009C29E5}"
EndProject
Project("{9A19103F-16F7-4668-BE54-9A1E7A4F7556}") = "MyProject.Api", "MyProject.Api\MyProject.Api.csproj", "{D85A653B-D096-4579-942A-77BFBC437299}"
EndProject
Project("{FAE04EC0-301F-11D3-BF4B-00C04F79EFBC}") = "MyProject.Shared", "MyProject.Shared\MyProject.Shared.csproj", "{878F2A83-9D43-4733-94BD-E749BDF7E75B}"
EndProject
Global
	GlobalSection(SolutionConfigurationPlatforms) = preSolution
		Debug|Any CPU = Debug|Any CPU
		Release|Any CPU = Release|Any CPU
	EndGlobalSection
	GlobalSection(ProjectConfigurationPlatforms) = postSolution
		{E8C479B0-0F57-42F6-B470-A6DB009C29E5}.Debug|Any CPU.ActiveCfg = Debug|Any CPU
		{E8C479B0-0F57-42F6-B470-A6DB009C29E5}.Debug|Any CPU.Build.0 = Debug|Any CPU
		{E8C479B0-0F57-42F6-B470-A6DB009C29E5}.Debug|Any CPU.Deploy.0 = Debug|Any CPU
		{E8C479B0-0F57-42F6-B470-A6DB009C29E5}.Release|Any CPU.ActiveCfg = Release|Any CPU
		{E8C479B0-0F57-42F6-B470-A6DB009C29E5}.Release|Any CPU.Build.0 = Release|Any CPU
		{E8C479B0-0F57-42F6-B470-A6DB009C29E5}.Release|Any CPU.Deploy.0 = Release|Any CPU
		{D85A653B-D096-4579-942A-77BFBC437299}.Debug|Any CPU.ActiveCfg = Debug|Any CPU
		{D85A653B-D096-4579-942A-77BFBC437299}.Debug|Any CPU.Build.0 = Debug|Any CPU
		{D85A653B-D096-4579-942A-77BFBC437299}.Release|Any CPU.ActiveCfg = Release|Any CPU
		{D85A653B-D096-4579-942A-77BFBC437299}.Release|Any CPU.Build.0 = Release|Any CPU
		{878F2A83-9D43-4733-94BD-E749BDF7E75B}.Debug|Any CPU.ActiveCfg = Debug|Any CPU
		{878F2A83-9D43-4733-94BD-E749BDF7E75B}.Debug|Any CPU.Build.0 = Debug|Any CPU
		{878F2A83-9D43-4733-94BD-E749BDF7E75B}.Release|Any CPU.ActiveCfg = Release|Any CPU
		{878F2A83-9D43-4733-94BD-E749BDF7E75B}.Release|Any CPU.Build.0 = Release|Any CPU
	EndGlobalSection
	GlobalSection(SolutionProperties) = preSolution
		HideSolutionNode = FALSE
	EndGlobalSection
	GlobalSection(ExtensibilityGlobals) = postSolution
		SolutionGuid = {2584CDB4-CE95-4E55-97EA-9BBDE839A1D1}
	EndGlobalSection
EndGlobal
